// !$*UTF8*$!
{
	archiveVersion = 1;
	classes = {
	};
	objectVersion = 46;
	objects = {

/* Begin PBXBuildFile section */
		B95D99C11DCD074200BAEE9A /* AppDelegate.swift in Sources */ = {isa = PBXBuildFile; fileRef = B95D99C01DCD074200BAEE9A /* AppDelegate.swift */; };
		B95D99C31DCD074200BAEE9A /* ViewController.swift in Sources */ = {isa = PBXBuildFile; fileRef = B95D99C21DCD074200BAEE9A /* ViewController.swift */; };
		B95D99C61DCD074200BAEE9A /* Main.storyboard in Resources */ = {isa = PBXBuildFile; fileRef = B95D99C41DCD074200BAEE9A /* Main.storyboard */; };
		B95D99C81DCD074200BAEE9A /* Assets.xcassets in Resources */ = {isa = PBXBuildFile; fileRef = B95D99C71DCD074200BAEE9A /* Assets.xcassets */; };
		B95D99CB1DCD074200BAEE9A /* LaunchScreen.storyboard in Resources */ = {isa = PBXBuildFile; fileRef = B95D99C91DCD074200BAEE9A /* LaunchScreen.storyboard */; };
		B95D99D61DCD074300BAEE9A /* SpeechTestingTests.swift in Sources */ = {isa = PBXBuildFile; fileRef = B95D99D51DCD074300BAEE9A /* SpeechTestingTests.swift */; };
		B95D99E11DCD086700BAEE9A /* ViewModel.swift in Sources */ = {isa = PBXBuildFile; fileRef = B95D99E01DCD086700BAEE9A /* ViewModel.swift */; };
		B95D99E31DCD087700BAEE9A /* MainView.swift in Sources */ = {isa = PBXBuildFile; fileRef = B95D99E21DCD087700BAEE9A /* MainView.swift */; };
/* End PBXBuildFile section */

/* Begin PBXContainerItemProxy section */
		B95D99D21DCD074300BAEE9A /* PBXContainerItemProxy */ = {
			isa = PBXContainerItemProxy;
			containerPortal = B95D99B51DCD074200BAEE9A /* Project object */;
			proxyType = 1;
			remoteGlobalIDString = B95D99BC1DCD074200BAEE9A;
			remoteInfo = SpeechTesting;
		};
/* End PBXContainerItemProxy section */

/* Begin PBXFileReference section */
		B95D99BD1DCD074200BAEE9A /* SpeechTesting.app */ = {isa = PBXFileReference; explicitFileType = wrapper.application; includeInIndex = 0; path = SpeechTesting.app; sourceTree = BUILT_PRODUCTS_DIR; };
		B95D99C01DCD074200BAEE9A /* AppDelegate.swift */ = {isa = PBXFileReference; lastKnownFileType = sourcecode.swift; path = AppDelegate.swift; sourceTree = "<group>"; };
		B95D99C21DCD074200BAEE9A /* ViewController.swift */ = {isa = PBXFileReference; lastKnownFileType = sourcecode.swift; path = ViewController.swift; sourceTree = "<group>"; };
		B95D99C51DCD074200BAEE9A /* Base */ = {isa = PBXFileReference; lastKnownFileType = file.storyboard; name = Base; path = Base.lproj/Main.storyboard; sourceTree = "<group>"; };
		B95D99C71DCD074200BAEE9A /* Assets.xcassets */ = {isa = PBXFileReference; lastKnownFileType = folder.assetcatalog; path = Assets.xcassets; sourceTree = "<group>"; };
		B95D99CA1DCD074200BAEE9A /* Base */ = {isa = PBXFileReference; lastKnownFileType = file.storyboard; name = Base; path = Base.lproj/LaunchScreen.storyboard; sourceTree = "<group>"; };
		B95D99CC1DCD074200BAEE9A /* Info.plist */ = {isa = PBXFileReference; lastKnownFileType = text.plist.xml; path = Info.plist; sourceTree = "<group>"; };
		B95D99D11DCD074300BAEE9A /* SpeechTestingTests.xctest */ = {isa = PBXFileReference; explicitFileType = wrapper.cfbundle; includeInIndex = 0; path = SpeechTestingTests.xctest; sourceTree = BUILT_PRODUCTS_DIR; };
		B95D99D51DCD074300BAEE9A /* SpeechTestingTests.swift */ = {isa = PBXFileReference; lastKnownFileType = sourcecode.swift; path = SpeechTestingTests.swift; sourceTree = "<group>"; };
		B95D99D71DCD074300BAEE9A /* Info.plist */ = {isa = PBXFileReference; lastKnownFileType = text.plist.xml; path = Info.plist; sourceTree = "<group>"; };
		B95D99E01DCD086700BAEE9A /* ViewModel.swift */ = {isa = PBXFileReference; fileEncoding = 4; lastKnownFileType = sourcecode.swift; path = ViewModel.swift; sourceTree = "<group>"; };
		B95D99E21DCD087700BAEE9A /* MainView.swift */ = {isa = PBXFileReference; fileEncoding = 4; lastKnownFileType = sourcecode.swift; path = MainView.swift; sourceTree = "<group>"; };
/* End PBXFileReference section */

/* Begin PBXFrameworksBuildPhase section */
		B95D99BA1DCD074200BAEE9A /* Frameworks */ = {
			isa = PBXFrameworksBuildPhase;
			buildActionMask = 2147483647;
			files = (
			);
			runOnlyForDeploymentPostprocessing = 0;
		};
		B95D99CE1DCD074300BAEE9A /* Frameworks */ = {
			isa = PBXFrameworksBuildPhase;
			buildActionMask = 2147483647;
			files = (
			);
			runOnlyForDeploymentPostprocessing = 0;
		};
/* End PBXFrameworksBuildPhase section */

/* Begin PBXGroup section */
		B95D99B41DCD074200BAEE9A = {
			isa = PBXGroup;
			children = (
				B95D99BF1DCD074200BAEE9A /* SpeechTesting */,
				B95D99D41DCD074300BAEE9A /* SpeechTestingTests */,
				B95D99BE1DCD074200BAEE9A /* Products */,
			);
			sourceTree = "<group>";
		};
		B95D99BE1DCD074200BAEE9A /* Products */ = {
			isa = PBXGroup;
			children = (
				B95D99BD1DCD074200BAEE9A /* SpeechTesting.app */,
				B95D99D11DCD074300BAEE9A /* SpeechTestingTests.xctest */,
			);
			name = Products;
			sourceTree = "<group>";
		};
		B95D99BF1DCD074200BAEE9A /* SpeechTesting */ = {
			isa = PBXGroup;
			children = (
				B95D99C01DCD074200BAEE9A /* AppDelegate.swift */,
				B95D99C21DCD074200BAEE9A /* ViewController.swift */,
				B95D99C41DCD074200BAEE9A /* Main.storyboard */,
				B95D99C71DCD074200BAEE9A /* Assets.xcassets */,
				B95D99C91DCD074200BAEE9A /* LaunchScreen.storyboard */,
				B95D99CC1DCD074200BAEE9A /* Info.plist */,
				B95D99E01DCD086700BAEE9A /* ViewModel.swift */,
				B95D99E21DCD087700BAEE9A /* MainView.swift */,
			);
			path = SpeechTesting;
			sourceTree = "<group>";
		};
		B95D99D41DCD074300BAEE9A /* SpeechTestingTests */ = {
			isa = PBXGroup;
			children = (
				B95D99D51DCD074300BAEE9A /* SpeechTestingTests.swift */,
				B95D99D71DCD074300BAEE9A /* Info.plist */,
			);
			path = SpeechTestingTests;
			sourceTree = "<group>";
		};
/* End PBXGroup section */

/* Begin PBXNativeTarget section */
		B95D99BC1DCD074200BAEE9A /* SpeechTesting */ = {
			isa = PBXNativeTarget;
			buildConfigurationList = B95D99DA1DCD074300BAEE9A /* Build configuration list for PBXNativeTarget "SpeechTesting" */;
			buildPhases = (
				B95D99B91DCD074200BAEE9A /* Sources */,
				B95D99BA1DCD074200BAEE9A /* Frameworks */,
				B95D99BB1DCD074200BAEE9A /* Resources */,
			);
			buildRules = (
			);
			dependencies = (
			);
			name = SpeechTesting;
			productName = SpeechTesting;
			productReference = B95D99BD1DCD074200BAEE9A /* SpeechTesting.app */;
			productType = "com.apple.product-type.application";
		};
		B95D99D01DCD074300BAEE9A /* SpeechTestingTests */ = {
			isa = PBXNativeTarget;
			buildConfigurationList = B95D99DD1DCD074300BAEE9A /* Build configuration list for PBXNativeTarget "SpeechTestingTests" */;
			buildPhases = (
				B95D99CD1DCD074300BAEE9A /* Sources */,
				B95D99CE1DCD074300BAEE9A /* Frameworks */,
				B95D99CF1DCD074300BAEE9A /* Resources */,
			);
			buildRules = (
			);
			dependencies = (
				B95D99D31DCD074300BAEE9A /* PBXTargetDependency */,
			);
			name = SpeechTestingTests;
			productName = SpeechTestingTests;
			productReference = B95D99D11DCD074300BAEE9A /* SpeechTestingTests.xctest */;
			productType = "com.apple.product-type.bundle.unit-test";
		};
/* End PBXNativeTarget section */

/* Begin PBXProject section */
		B95D99B51DCD074200BAEE9A /* Project object */ = {
			isa = PBXProject;
			attributes = {
				LastSwiftUpdateCheck = 0810;
				LastUpgradeCheck = 0810;
				ORGANIZATIONNAME = com.example;
				TargetAttributes = {
					B95D99BC1DCD074200BAEE9A = {
						CreatedOnToolsVersion = 8.1;
						DevelopmentTeam = 4JG3A7PLF6;
						ProvisioningStyle = Automatic;
					};
					B95D99D01DCD074300BAEE9A = {
						CreatedOnToolsVersion = 8.1;
						ProvisioningStyle = Automatic;
						TestTargetID = B95D99BC1DCD074200BAEE9A;
					};
				};
			};
			buildConfigurationList = B95D99B81DCD074200BAEE9A /* Build configuration list for PBXProject "SpeechTesting" */;
			compatibilityVersion = "Xcode 3.2";
			developmentRegion = English;
			hasScannedForEncodings = 0;
			knownRegions = (
				en,
				Base,
			);
			mainGroup = B95D99B41DCD074200BAEE9A;
			productRefGroup = B95D99BE1DCD074200BAEE9A /* Products */;
			projectDirPath = "";
			projectRoot = "";
			targets = (
				B95D99BC1DCD074200BAEE9A /* SpeechTesting */,
				B95D99D01DCD074300BAEE9A /* SpeechTestingTests */,
			);
		};
/* End PBXProject section */

/* Begin PBXResourcesBuildPhase section */
		B95D99BB1DCD074200BAEE9A /* Resources */ = {
			isa = PBXResourcesBuildPhase;
			buildActionMask = 2147483647;
			files = (
				B95D99CB1DCD074200BAEE9A /* LaunchScreen.storyboard in Resources */,
				B95D99C81DCD074200BAEE9A /* Assets.xcassets in Resources */,
				B95D99C61DCD074200BAEE9A /* Main.storyboard in Resources */,
			);
			runOnlyForDeploymentPostprocessing = 0;
		};
		B95D99CF1DCD074300BAEE9A /* Resources */ = {
			isa = PBXResourcesBuildPhase;
			buildActionMask = 2147483647;
			files = (
			);
			runOnlyForDeploymentPostprocessing = 0;
		};
/* End PBXResourcesBuildPhase section */

/* Begin PBXSourcesBuildPhase section */
		B95D99B91DCD074200BAEE9A /* Sources */ = {
			isa = PBXSourcesBuildPhase;
			buildActionMask = 2147483647;
			files = (
				B95D99C31DCD074200BAEE9A /* ViewController.swift in Sources */,
				B95D99E31DCD087700BAEE9A /* MainView.swift in Sources */,
				B95D99E11DCD086700BAEE9A /* ViewModel.swift in Sources */,
				B95D99C11DCD074200BAEE9A /* AppDelegate.swift in Sources */,
			);
			runOnlyForDeploymentPostprocessing = 0;
		};
		B95D99CD1DCD074300BAEE9A /* Sources */ = {
			isa = PBXSourcesBuildPhase;
			buildActionMask = 2147483647;
			files = (
				B95D99D61DCD074300BAEE9A /* SpeechTestingTests.swift in Sources */,
			);
			runOnlyForDeploymentPostprocessing = 0;
		};
/* End PBXSourcesBuildPhase section */

/* Begin PBXTargetDependency section */
		B95D99D31DCD074300BAEE9A /* PBXTargetDependency */ = {
			isa = PBXTargetDependency;
			target = B95D99BC1DCD074200BAEE9A /* SpeechTesting */;
			targetProxy = B95D99D21DCD074300BAEE9A /* PBXContainerItemProxy */;
		};
/* End PBXTargetDependency section */

/* Begin PBXVariantGroup section */
		B95D99C41DCD074200BAEE9A /* Main.storyboard */ = {
			isa = PBXVariantGroup;
			children = (
				B95D99C51DCD074200BAEE9A /* Base */,
			);
			name = Main.storyboard;
			sourceTree = "<group>";
		};
		B95D99C91DCD074200BAEE9A /* LaunchScreen.storyboard */ = {
			isa = PBXVariantGroup;
			children = (
				B95D99CA1DCD074200BAEE9A /* Base */,
			);
			name = LaunchScreen.storyboard;
			sourceTree = "<group>";
		};
/* End PBXVariantGroup section */

/* Begin XCBuildConfiguration section */
		B95D99D81DCD074300BAEE9A /* Debug */ = {
			isa = XCBuildConfiguration;
			buildSettings = {
				ALWAYS_SEARCH_USER_PATHS = NO;
				CLANG_ANALYZER_NONNULL = YES;
				CLANG_CXX_LANGUAGE_STANDARD = "gnu++0x";
				CLANG_CXX_LIBRARY = "libc++";
				CLANG_ENABLE_MODULES = YES;
				CLANG_ENABLE_OBJC_ARC = YES;
				CLANG_WARN_BOOL_CONVERSION = YES;
				CLANG_WARN_CONSTANT_CONVERSION = YES;
				CLANG_WARN_DIRECT_OBJC_ISA_USAGE = YES_ERROR;
				CLANG_WARN_DOCUMENTATION_COMMENTS = YES;
				CLANG_WARN_EMPTY_BODY = YES;
				CLANG_WARN_ENUM_CONVERSION = YES;
				CLANG_WARN_INFINITE_RECURSION = YES;
				CLANG_WARN_INT_CONVERSION = YES;
				CLANG_WARN_OBJC_ROOT_CLASS = YES_ERROR;
				CLANG_WARN_SUSPICIOUS_MOVES = YES;
				CLANG_WARN_UNREACHABLE_CODE = YES;
				CLANG_WARN__DUPLICATE_METHOD_MATCH = YES;
				"CODE_SIGN_IDENTITY[sdk=iphoneos*]" = "iPhone Developer";
				COPY_PHASE_STRIP = NO;
				DEBUG_INFORMATION_FORMAT = dwarf;
				ENABLE_STRICT_OBJC_MSGSEND = YES;
				ENABLE_TESTABILITY = YES;
				GCC_C_LANGUAGE_STANDARD = gnu99;
				GCC_DYNAMIC_NO_PIC = NO;
				GCC_NO_COMMON_BLOCKS = YES;
				GCC_OPTIMIZATION_LEVEL = 0;
				GCC_PREPROCESSOR_DEFINITIONS = (
					"DEBUG=1",
					"$(inherited)",
				);
				GCC_WARN_64_TO_32_BIT_CONVERSION = YES;
				GCC_WARN_ABOUT_RETURN_TYPE = YES_ERROR;
				GCC_WARN_UNDECLARED_SELECTOR = YES;
				GCC_WARN_UNINITIALIZED_AUTOS = YES_AGGRESSIVE;
				GCC_WARN_UNUSED_FUNCTION = YES;
				GCC_WARN_UNUSED_VARIABLE = YES;
				IPHONEOS_DEPLOYMENT_TARGET = 10.1;
				MTL_ENABLE_DEBUG_INFO = YES;
				ONLY_ACTIVE_ARCH = YES;
				SDKROOT = iphoneos;
				SWIFT_ACTIVE_COMPILATION_CONDITIONS = DEBUG;
				SWIFT_OPTIMIZATION_LEVEL = "-Onone";
				TARGETED_DEVICE_FAMILY = "1,2";
			};
			name = Debug;
		};
		B95D99D91DCD074300BAEE9A /* Release */ = {
			isa = XCBuildConfiguration;
			buildSettings = {
				ALWAYS_SEARCH_USER_PATHS = NO;
				CLANG_ANALYZER_NONNULL = YES;
				CLANG_CXX_LANGUAGE_STANDARD = "gnu++0x";
				CLANG_CXX_LIBRARY = "libc++";
				CLANG_ENABLE_MODULES = YES;
				CLANG_ENABLE_OBJC_ARC = YES;
				CLANG_WARN_BOOL_CONVERSION = YES;
				CLANG_WARN_CONSTANT_CONVERSION = YES;
				CLANG_WARN_DIRECT_OBJC_ISA_USAGE = YES_ERROR;
				CLANG_WARN_DOCUMENTATION_COMMENTS = YES;
				CLANG_WARN_EMPTY_BODY = YES;
				CLANG_WARN_ENUM_CONVERSION = YES;
				CLANG_WARN_INFINITE_RECURSION = YES;
				CLANG_WARN_INT_CONVERSION = YES;
				CLANG_WARN_OBJC_ROOT_CLASS = YES_ERROR;
				CLANG_WARN_SUSPICIOUS_MOVES = YES;
				CLANG_WARN_UNREACHABLE_CODE = YES;
				CLANG_WARN__DUPLICATE_METHOD_MATCH = YES;
				"CODE_SIGN_IDENTITY[sdk=iphoneos*]" = "iPhone Developer";
				COPY_PHASE_STRIP = NO;
				DEBUG_INFORMATION_FORMAT = "dwarf-with-dsym";
				ENABLE_NS_ASSERTIONS = NO;
				ENABLE_STRICT_OBJC_MSGSEND = YES;
				GCC_C_LANGUAGE_STANDARD = gnu99;
				GCC_NO_COMMON_BLOCKS = YES;
				GCC_WARN_64_TO_32_BIT_CONVERSION = YES;
				GCC_WARN_ABOUT_RETURN_TYPE = YES_ERROR;
				GCC_WARN_UNDECLARED_SELECTOR = YES;
				GCC_WARN_UNINITIALIZED_AUTOS = YES_AGGRESSIVE;
				GCC_WARN_UNUSED_FUNCTION = YES;
				GCC_WARN_UNUSED_VARIABLE = YES;
				IPHONEOS_DEPLOYMENT_TARGET = 10.1;
				MTL_ENABLE_DEBUG_INFO = NO;
				SDKROOT = iphoneos;
				SWIFT_OPTIMIZATION_LEVEL = "-Owholemodule";
				TARGETED_DEVICE_FAMILY = "1,2";
				VALIDATE_PRODUCT = YES;
			};
			name = Release;
		};
		B95D99DB1DCD074300BAEE9A /* Debug */ = {
			isa = XCBuildConfiguration;
			buildSettings = {
				ASSETCATALOG_COMPILER_APPICON_NAME = AppIcon;
				DEVELOPMENT_TEAM = 4JG3A7PLF6;
				INFOPLIST_FILE = SpeechTesting/Info.plist;
				LD_RUNPATH_SEARCH_PATHS = "$(inherited) @executable_path/Frameworks";
				PRODUCT_BUNDLE_IDENTIFIER = com.example.SpeechTesting;
				PRODUCT_NAME = "$(TARGET_NAME)";
				SWIFT_VERSION = 3.0;
			};
			name = Debug;
		};
		B95D99DC1DCD074300BAEE9A /* Release */ = {
			isa = XCBuildConfiguration;
			buildSettings = {
				ASSETCATALOG_COMPILER_APPICON_NAME = AppIcon;
				DEVELOPMENT_TEAM = 4JG3A7PLF6;
				INFOPLIST_FILE = SpeechTesting/Info.plist;
				LD_RUNPATH_SEARCH_PATHS = "$(inherited) @executable_path/Frameworks";
				PRODUCT_BUNDLE_IDENTIFIER = com.example.SpeechTesting;
				PRODUCT_NAME = "$(TARGET_NAME)";
				SWIFT_VERSION = 3.0;
			};
			name = Release;
		};
		B95D99DE1DCD074300BAEE9A /* Debug */ = {
			isa = XCBuildConfiguration;
			buildSettings = {
				ALWAYS_EMBED_SWIFT_STANDARD_LIBRARIES = YES;
				BUNDLE_LOADER = "$(TEST_HOST)";
				INFOPLIST_FILE = SpeechTestingTests/Info.plist;
				LD_RUNPATH_SEARCH_PATHS = "$(inherited) @executable_path/Frameworks @loader_path/Frameworks";
				PRODUCT_BUNDLE_IDENTIFIER = com.example.SpeechTestingTests;
				PRODUCT_NAME = "$(TARGET_NAME)";
				SWIFT_VERSION = 3.0;
				TEST_HOST = "$(BUILT_PRODUCTS_DIR)/SpeechTesting.app/SpeechTesting";
			};
			name = Debug;
		};
		B95D99DF1DCD074300BAEE9A /* Release */ = {
			isa = XCBuildConfiguration;
			buildSettings = {
				ALWAYS_EMBED_SWIFT_STANDARD_LIBRARIES = YES;
				BUNDLE_LOADER = "$(TEST_HOST)";
				INFOPLIST_FILE = SpeechTestingTests/Info.plist;
				LD_RUNPATH_SEARCH_PATHS = "$(inherited) @executable_path/Frameworks @loader_path/Frameworks";
				PRODUCT_BUNDLE_IDENTIFIER = com.example.SpeechTestingTests;
				PRODUCT_NAME = "$(TARGET_NAME)";
				SWIFT_VERSION = 3.0;
				TEST_HOST = "$(BUILT_PRODUCTS_DIR)/SpeechTesting.app/SpeechTesting";
			};
			name = Release;
		};
/* End XCBuildConfiguration section */

/* Begin XCConfigurationList section */
		B95D99B81DCD074200BAEE9A /* Build configuration list for PBXProject "SpeechTesting" */ = {
			isa = XCConfigurationList;
			buildConfigurations = (
				B95D99D81DCD074300BAEE9A /* Debug */,
				B95D99D91DCD074300BAEE9A /* Release */,
			);
			defaultConfigurationIsVisible = 0;
			defaultConfigurationName = Release;
		};
		B95D99DA1DCD074300BAEE9A /* Build configuration list for PBXNativeTarget "SpeechTesting" */ = {
			isa = XCConfigurationList;
			buildConfigurations = (
				B95D99DB1DCD074300BAEE9A /* Debug */,
				B95D99DC1DCD074300BAEE9A /* Release */,
			);
			defaultConfigurationIsVisible = 0;
		};
		B95D99DD1DCD074300BAEE9A /* Build configuration list for PBXNativeTarget "SpeechTestingTests" */ = {
			isa = XCConfigurationList;
			buildConfigurations = (
				B95D99DE1DCD074300BAEE9A /* Debug */,
				B95D99DF1DCD074300BAEE9A /* Release */,
			);
			defaultConfigurationIsVisible = 0;
		};
/* End XCConfigurationList section */
	};
	rootObject = B95D99B51DCD074200BAEE9A /* Project object */;
}
